
Microsoft Visual Studio Solution File, Format Version 12.00
# Visual Studio 2012
Project("{FAE04EC0-301F-11D3-BF4B-00C04F79EFBC}") = "Gnip.Streamer", "Gnip.Streamer\Gnip.Streamer.csproj", "{8402C7CA-37E3-4525-8034-ED3C1110DBF0}"
EndProject
Project("{FAE04EC0-301F-11D3-BF4B-00C04F79EFBC}") = "Gnip.Client", "Gnip.Client\Gnip.Client.csproj", "{BE723163-63C0-417D-8F53-0B50D4407530}"
EndProject
Project("{FAE04EC0-301F-11D3-BF4B-00C04F79EFBC}") = "Gnip.Data", "Gnip.Data\Gnip.Data.csproj", "{5ACF435F-00B5-4D4D-B901-1171706B8D56}"
EndProject
Project("{FAE04EC0-301F-11D3-BF4B-00C04F79EFBC}") = "Gnip.Ruler", "Gnip.Ruler\Gnip.Ruler.csproj", "{26FE2909-DDF9-4243-97A9-72A30D33F0B8}"
EndProject
Project("{6141683F-8A12-4E36-9623-2EB02B2C2303}") = "Gnip.Toolkit", "Gnip.Toolkit\Gnip.Toolkit.isproj", "{329817B3-13CA-4EEC-BA1F-03041A3433F3}"
	ProjectSection(ProjectDependencies) = postProject
		{26FE2909-DDF9-4243-97A9-72A30D33F0B8} = {26FE2909-DDF9-4243-97A9-72A30D33F0B8}
		{5ACF435F-00B5-4D4D-B901-1171706B8D56} = {5ACF435F-00B5-4D4D-B901-1171706B8D56}
		{BE723163-63C0-417D-8F53-0B50D4407530} = {BE723163-63C0-417D-8F53-0B50D4407530}
		{8402C7CA-37E3-4525-8034-ED3C1110DBF0} = {8402C7CA-37E3-4525-8034-ED3C1110DBF0}
	EndProjectSection
EndProject
Project("{2150E333-8FDC-42A3-9474-1A3956D46DE8}") = "Solution Items", "Solution Items", "{C39FDF49-DE66-41A7-9062-4109E90F0917}"
	ProjectSection(SolutionItems) = preProject
		Resources\Gnip.Toolkit.Installer_main.jpg = Resources\Gnip.Toolkit.Installer_main.jpg
		Resources\Gnip.Toolkit.Installer_top.jpg = Resources\Gnip.Toolkit.Installer_top.jpg
		Resources\icon.ico = Resources\icon.ico
	EndProjectSection
EndProject
Global
	GlobalSection(SolutionConfigurationPlatforms) = preSolution
		CD_ROM|Any CPU = CD_ROM|Any CPU
		CD_ROM|x86 = CD_ROM|x86
		Debug|Any CPU = Debug|Any CPU
		Debug|x86 = Debug|x86
		DVD-5|Any CPU = DVD-5|Any CPU
		DVD-5|x86 = DVD-5|x86
		Release|Any CPU = Release|Any CPU
		Release|x86 = Release|x86
		SingleImage|Any CPU = SingleImage|Any CPU
		SingleImage|x86 = SingleImage|x86
	EndGlobalSection
	GlobalSection(ProjectConfigurationPlatforms) = postSolution
		{8402C7CA-37E3-4525-8034-ED3C1110DBF0}.CD_ROM|Any CPU.ActiveCfg = Release|Any CPU
		{8402C7CA-37E3-4525-8034-ED3C1110DBF0}.CD_ROM|Any CPU.Build.0 = Release|Any CPU
		{8402C7CA-37E3-4525-8034-ED3C1110DBF0}.CD_ROM|x86.ActiveCfg = Release|Any CPU
		{8402C7CA-37E3-4525-8034-ED3C1110DBF0}.Debug|Any CPU.ActiveCfg = Debug|Any CPU
		{8402C7CA-37E3-4525-8034-ED3C1110DBF0}.Debug|Any CPU.Build.0 = Debug|Any CPU
		{8402C7CA-37E3-4525-8034-ED3C1110DBF0}.Debug|x86.ActiveCfg = Debug|Any CPU
		{8402C7CA-37E3-4525-8034-ED3C1110DBF0}.DVD-5|Any CPU.ActiveCfg = Debug|Any CPU
		{8402C7CA-37E3-4525-8034-ED3C1110DBF0}.DVD-5|Any CPU.Build.0 = Debug|Any CPU
		{8402C7CA-37E3-4525-8034-ED3C1110DBF0}.DVD-5|x86.ActiveCfg = Debug|Any CPU
		{8402C7CA-37E3-4525-8034-ED3C1110DBF0}.Release|Any CPU.ActiveCfg = Release|Any CPU
		{8402C7CA-37E3-4525-8034-ED3C1110DBF0}.Release|Any CPU.Build.0 = Release|Any CPU
		{8402C7CA-37E3-4525-8034-ED3C1110DBF0}.Release|x86.ActiveCfg = Release|Any CPU
		{8402C7CA-37E3-4525-8034-ED3C1110DBF0}.SingleImage|Any CPU.ActiveCfg = Release|Any CPU
		{8402C7CA-37E3-4525-8034-ED3C1110DBF0}.SingleImage|Any CPU.Build.0 = Release|Any CPU
		{8402C7CA-37E3-4525-8034-ED3C1110DBF0}.SingleImage|x86.ActiveCfg = Release|Any CPU
		{BE723163-63C0-417D-8F53-0B50D4407530}.CD_ROM|Any CPU.ActiveCfg = Release|Any CPU
		{BE723163-63C0-417D-8F53-0B50D4407530}.CD_ROM|Any CPU.Build.0 = Release|Any CPU
		{BE723163-63C0-417D-8F53-0B50D4407530}.CD_ROM|x86.ActiveCfg = Release|Any CPU
		{BE723163-63C0-417D-8F53-0B50D4407530}.Debug|Any CPU.ActiveCfg = Debug|Any CPU
		{BE723163-63C0-417D-8F53-0B50D4407530}.Debug|Any CPU.Build.0 = Debug|Any CPU
		{BE723163-63C0-417D-8F53-0B50D4407530}.Debug|x86.ActiveCfg = Debug|Any CPU
		{BE723163-63C0-417D-8F53-0B50D4407530}.DVD-5|Any CPU.ActiveCfg = Debug|Any CPU
		{BE723163-63C0-417D-8F53-0B50D4407530}.DVD-5|Any CPU.Build.0 = Debug|Any CPU
		{BE723163-63C0-417D-8F53-0B50D4407530}.DVD-5|x86.ActiveCfg = Debug|Any CPU
		{BE723163-63C0-417D-8F53-0B50D4407530}.Release|Any CPU.ActiveCfg = Release|Any CPU
		{BE723163-63C0-417D-8F53-0B50D4407530}.Release|Any CPU.Build.0 = Release|Any CPU
		{BE723163-63C0-417D-8F53-0B50D4407530}.Release|x86.ActiveCfg = Release|Any CPU
		{BE723163-63C0-417D-8F53-0B50D4407530}.SingleImage|Any CPU.ActiveCfg = Release|Any CPU
		{BE723163-63C0-417D-8F53-0B50D4407530}.SingleImage|Any CPU.Build.0 = Release|Any CPU
		{BE723163-63C0-417D-8F53-0B50D4407530}.SingleImage|x86.ActiveCfg = Release|Any CPU
		{5ACF435F-00B5-4D4D-B901-1171706B8D56}.CD_ROM|Any CPU.ActiveCfg = Release|Any CPU
		{5ACF435F-00B5-4D4D-B901-1171706B8D56}.CD_ROM|Any CPU.Build.0 = Release|Any CPU
		{5ACF435F-00B5-4D4D-B901-1171706B8D56}.CD_ROM|x86.ActiveCfg = Release|Any CPU
		{5ACF435F-00B5-4D4D-B901-1171706B8D56}.Debug|Any CPU.ActiveCfg = Debug|Any CPU
		{5ACF435F-00B5-4D4D-B901-1171706B8D56}.Debug|Any CPU.Build.0 = Debug|Any CPU
		{5ACF435F-00B5-4D4D-B901-1171706B8D56}.Debug|x86.ActiveCfg = Debug|Any CPU
		{5ACF435F-00B5-4D4D-B901-1171706B8D56}.DVD-5|Any CPU.ActiveCfg = Debug|Any CPU
		{5ACF435F-00B5-4D4D-B901-1171706B8D56}.DVD-5|Any CPU.Build.0 = Debug|Any CPU
		{5ACF435F-00B5-4D4D-B901-1171706B8D56}.DVD-5|x86.ActiveCfg = Debug|Any CPU
		{5ACF435F-00B5-4D4D-B901-1171706B8D56}.Release|Any CPU.ActiveCfg = Release|Any CPU
		{5ACF435F-00B5-4D4D-B901-1171706B8D56}.Release|Any CPU.Build.0 = Release|Any CPU
		{5ACF435F-00B5-4D4D-B901-1171706B8D56}.Release|x86.ActiveCfg = Release|Any CPU
		{5ACF435F-00B5-4D4D-B901-1171706B8D56}.SingleImage|Any CPU.ActiveCfg = Release|Any CPU
		{5ACF435F-00B5-4D4D-B901-1171706B8D56}.SingleImage|Any CPU.Build.0 = Release|Any CPU
		{5ACF435F-00B5-4D4D-B901-1171706B8D56}.SingleImage|x86.ActiveCfg = Release|Any CPU
		{26FE2909-DDF9-4243-97A9-72A30D33F0B8}.CD_ROM|Any CPU.ActiveCfg = Release|Any CPU
		{26FE2909-DDF9-4243-97A9-72A30D33F0B8}.CD_ROM|Any CPU.Build.0 = Release|Any CPU
		{26FE2909-DDF9-4243-97A9-72A30D33F0B8}.CD_ROM|x86.ActiveCfg = Release|Any CPU
		{26FE2909-DDF9-4243-97A9-72A30D33F0B8}.Debug|Any CPU.ActiveCfg = Debug|Any CPU
		{26FE2909-DDF9-4243-97A9-72A30D33F0B8}.Debug|Any CPU.Build.0 = Debug|Any CPU
		{26FE2909-DDF9-4243-97A9-72A30D33F0B8}.Debug|x86.ActiveCfg = Debug|Any CPU
		{26FE2909-DDF9-4243-97A9-72A30D33F0B8}.DVD-5|Any CPU.ActiveCfg = Debug|Any CPU
		{26FE2909-DDF9-4243-97A9-72A30D33F0B8}.DVD-5|Any CPU.Build.0 = Debug|Any CPU
		{26FE2909-DDF9-4243-97A9-72A30D33F0B8}.DVD-5|x86.ActiveCfg = Debug|Any CPU
		{26FE2909-DDF9-4243-97A9-72A30D33F0B8}.Release|Any CPU.ActiveCfg = Release|Any CPU
		{26FE2909-DDF9-4243-97A9-72A30D33F0B8}.Release|Any CPU.Build.0 = Release|Any CPU
		{26FE2909-DDF9-4243-97A9-72A30D33F0B8}.Release|x86.ActiveCfg = Release|Any CPU
		{26FE2909-DDF9-4243-97A9-72A30D33F0B8}.SingleImage|Any CPU.ActiveCfg = Release|Any CPU
		{26FE2909-DDF9-4243-97A9-72A30D33F0B8}.SingleImage|Any CPU.Build.0 = Release|Any CPU
		{26FE2909-DDF9-4243-97A9-72A30D33F0B8}.SingleImage|x86.ActiveCfg = Release|Any CPU
		{329817B3-13CA-4EEC-BA1F-03041A3433F3}.CD_ROM|Any CPU.ActiveCfg = CD_ROM
		{329817B3-13CA-4EEC-BA1F-03041A3433F3}.CD_ROM|Any CPU.Build.0 = CD_ROM
		{329817B3-13CA-4EEC-BA1F-03041A3433F3}.CD_ROM|x86.ActiveCfg = CD_ROM
		{329817B3-13CA-4EEC-BA1F-03041A3433F3}.CD_ROM|x86.Build.0 = CD_ROM
		{329817B3-13CA-4EEC-BA1F-03041A3433F3}.Debug|Any CPU.ActiveCfg = DVD-5
		{329817B3-13CA-4EEC-BA1F-03041A3433F3}.Debug|Any CPU.Build.0 = DVD-5
		{329817B3-13CA-4EEC-BA1F-03041A3433F3}.Debug|x86.ActiveCfg = DVD-5
		{329817B3-13CA-4EEC-BA1F-03041A3433F3}.Debug|x86.Build.0 = DVD-5
		{329817B3-13CA-4EEC-BA1F-03041A3433F3}.DVD-5|Any CPU.ActiveCfg = DVD-5
		{329817B3-13CA-4EEC-BA1F-03041A3433F3}.DVD-5|Any CPU.Build.0 = DVD-5
		{329817B3-13CA-4EEC-BA1F-03041A3433F3}.DVD-5|x86.ActiveCfg = DVD-5
		{329817B3-13CA-4EEC-BA1F-03041A3433F3}.DVD-5|x86.Build.0 = DVD-5
		{329817B3-13CA-4EEC-BA1F-03041A3433F3}.Release|Any CPU.ActiveCfg = SingleImage
		{329817B3-13CA-4EEC-BA1F-03041A3433F3}.Release|Any CPU.Build.0 = SingleImage
		{329817B3-13CA-4EEC-BA1F-03041A3433F3}.Release|x86.ActiveCfg = SingleImage
		{329817B3-13CA-4EEC-BA1F-03041A3433F3}.Release|x86.Build.0 = SingleImage
		{329817B3-13CA-4EEC-BA1F-03041A3433F3}.SingleImage|Any CPU.ActiveCfg = SingleImage
		{329817B3-13CA-4EEC-BA1F-03041A3433F3}.SingleImage|Any CPU.Build.0 = SingleImage
		{329817B3-13CA-4EEC-BA1F-03041A3433F3}.SingleImage|x86.ActiveCfg = SingleImage
		{329817B3-13CA-4EEC-BA1F-03041A3433F3}.SingleImage|x86.Build.0 = SingleImage
	EndGlobalSection
	GlobalSection(SolutionProperties) = preSolution
		HideSolutionNode = FALSE
	EndGlobalSection
EndGlobal
